
Microsoft Visual Studio Solution File, Format Version 12.00
# Visual Studio for Mac
Project("{FAE04EC0-301F-11D3-BF4B-00C04F79EFBC}") = "Assembly-CSharp", "Assembly-CSharp.csproj", "{26C22369-58A2-091E-3CE7-FCD9C54377B8}"
EndProject
Project("{FAE04EC0-301F-11D3-BF4B-00C04F79EFBC}") = "Assembly-CSharp-Editor", "Assembly-CSharp-Editor.csproj", "{ED242AD8-C348-DA3C-EEE4-93C3646B2965}"
EndProject
Global
	GlobalSection(SolutionConfigurationPlatforms) = preSolution
		Debug|Any CPU = Debug|Any CPU
		Release|Any CPU = Release|Any CPU
	EndGlobalSection
	GlobalSection(ProjectConfigurationPlatforms) = postSolution
		{26C22369-58A2-091E-3CE7-FCD9C54377B8}.Debug|Any CPU.ActiveCfg = Debug|Any CPU
		{26C22369-58A2-091E-3CE7-FCD9C54377B8}.Debug|Any CPU.Build.0 = Debug|Any CPU
		{26C22369-58A2-091E-3CE7-FCD9C54377B8}.Release|Any CPU.ActiveCfg = Release|Any CPU
		{26C22369-58A2-091E-3CE7-FCD9C54377B8}.Release|Any CPU.Build.0 = Release|Any CPU
		{ED242AD8-C348-DA3C-EEE4-93C3646B2965}.Debug|Any CPU.ActiveCfg = Debug|Any CPU
		{ED242AD8-C348-DA3C-EEE4-93C3646B2965}.Debug|Any CPU.Build.0 = Debug|Any CPU
		{ED242AD8-C348-DA3C-EEE4-93C3646B2965}.Release|Any CPU.ActiveCfg = Release|Any CPU
		{ED242AD8-C348-DA3C-EEE4-93C3646B2965}.Release|Any CPU.Build.0 = Release|Any CPU
	EndGlobalSection
	GlobalSection(SolutionProperties) = preSolution
		HideSolutionNode = FALSE
	EndGlobalSection
EndGlobal
