
Microsoft Visual Studio Solution File, Format Version 12.00
# Visual Studio 2015
Project("{FAE04EC0-301F-11D3-BF4B-00C04F79EFBC}") = "GOLF.CSharp", "GOLF.CSharp.csproj", "{5833F9EC-817B-B03B-DB09-3226F97BEAD2}"
EndProject
Project("{FAE04EC0-301F-11D3-BF4B-00C04F79EFBC}") = "GOLF.CSharp.Editor", "GOLF.CSharp.Editor.csproj", "{5B2EB619-3061-93AE-8576-A9E2FBB25BA2}"
EndProject
Global
	GlobalSection(SolutionConfigurationPlatforms) = preSolution
		Debug|Any CPU = Debug|Any CPU
		Release|Any CPU = Release|Any CPU
	EndGlobalSection
	GlobalSection(ProjectConfigurationPlatforms) = postSolution
		{5833F9EC-817B-B03B-DB09-3226F97BEAD2}.Debug|Any CPU.ActiveCfg = Debug|Any CPU
		{5833F9EC-817B-B03B-DB09-3226F97BEAD2}.Debug|Any CPU.Build.0 = Debug|Any CPU
		{5833F9EC-817B-B03B-DB09-3226F97BEAD2}.Release|Any CPU.ActiveCfg = Release|Any CPU
		{5833F9EC-817B-B03B-DB09-3226F97BEAD2}.Release|Any CPU.Build.0 = Release|Any CPU
		{5B2EB619-3061-93AE-8576-A9E2FBB25BA2}.Debug|Any CPU.ActiveCfg = Debug|Any CPU
		{5B2EB619-3061-93AE-8576-A9E2FBB25BA2}.Debug|Any CPU.Build.0 = Debug|Any CPU
		{5B2EB619-3061-93AE-8576-A9E2FBB25BA2}.Release|Any CPU.ActiveCfg = Release|Any CPU
		{5B2EB619-3061-93AE-8576-A9E2FBB25BA2}.Release|Any CPU.Build.0 = Release|Any CPU
	EndGlobalSection
	GlobalSection(SolutionProperties) = preSolution
		HideSolutionNode = FALSE
	EndGlobalSection
EndGlobal
